{
    "_readme": [
        "This file locks the dependencies of your project to a known state",
        "Read more about it at http://getcomposer.org/doc/01-basic-usage.md#composer-lock-the-lock-file"
    ],
    "hash": "04887df66c52bb37262774cad8d4415c",
    "packages": [
        {
            "name": "gzero/gzero-auth",
            "version": "dev-master",
            "source": {
                "type": "git",
                "url": "https://github.com/GrupaZero/gzero-auth.git",
                "reference": "d24e92dc9cbf1780cbd931181986239dc92064dd"
            },
            "dist": {
                "type": "zip",
                "url": "https://api.github.com/repos/GrupaZero/gzero-auth/zipball/d24e92dc9cbf1780cbd931181986239dc92064dd",
                "reference": "d24e92dc9cbf1780cbd931181986239dc92064dd",
                "shasum": ""
            },
            "require": {
                "illuminate/support": "4.1.*",
                "php": ">=5.4.0"
            },
            "require-dev": {
                "illuminate/auth": "4.1.*"
            },
            "type": "library",
            "autoload": {
                "classmap": [
                    "src/migrations"
                ],
                "psr-4": {
                    "Gzero\\": "src/Gzero"
                }
            },
            "notification-url": "https://packagist.org/downloads/",
            "license": [
                "MIT"
            ],
            "authors": [
                {
                    "name": "Adrian Skierniewski",
                    "email": "adrian.skierniewski@gmail.com",
                    "homepage": "https://github.com/AdrianSkierniewski"
                }
            ],
            "description": "Gzero Auth",
            "keywords": [
                "auth",
                "laravel"
            ],
            "time": "2014-02-08 20:53:37"
        },
        {
            "name": "illuminate/support",
            "version": "4.1.x-dev",
            "target-dir": "Illuminate/Support",
            "source": {
                "type": "git",
                "url": "https://github.com/illuminate/support.git",
                "reference": "97d5d512929aef9782606448d913d26d73f83097"
            },
            "dist": {
                "type": "zip",
                "url": "https://api.github.com/repos/illuminate/support/zipball/97d5d512929aef9782606448d913d26d73f83097",
                "reference": "97d5d512929aef9782606448d913d26d73f83097",
                "shasum": ""
            },
            "require": {
                "php": ">=5.3.0"
            },
            "require-dev": {
                "mockery/mockery": "0.7.2",
                "patchwork/utf8": "1.1.*",
                "phpunit/phpunit": "3.7.*"
            },
            "type": "library",
            "extra": {
                "branch-alias": {
                    "dev-master": "4.1-dev"
                }
            },
            "autoload": {
                "psr-0": {
                    "Illuminate\\Support": ""
                },
                "files": [
                    "Illuminate/Support/helpers.php"
                ]
            },
            "notification-url": "https://packagist.org/downloads/",
            "license": [
                "MIT"
            ],
            "authors": [
                {
                    "name": "Taylor Otwell",
                    "email": "taylorotwell@gmail.com",
                    "homepage": "https://github.com/taylorotwell",
                    "role": "Developer"
                }
            ],
            "time": "2014-02-04 12:33:11"
        }
    ],
    "packages-dev": [

    ],
    "aliases": [

    ],
    "minimum-stability": "dev",
    "stability-flags": {
        "gzero/gzero-auth": 20
    },
    "platform": {
        "php": ">=5.4.0"
    },
    "platform-dev": [

    ]
}
